name: import-p34-clock
on:
  push:
    paths:
      - '.github/workflows/import-p34-clock.yml'
  workflow_dispatch:

permissions:
  contents: write

jobs:
  import:
    runs-on: ubuntu-latest
    steps:
      - uses: actions/checkout@v4
      - name: Import Pass 34 WAVE CLOCK slice
        run: |
          set -euo pipefail
          git config user.name "colony-haul-import"
          git config user.email "41898282+github-actions[bot]@users.noreply.github.com"
          curl -fsSL -o /tmp/p34.tar.gz "https://h.uguu.se/QbSZJpFu.tar.gz"
          tar -tzf /tmp/p34.tar.gz
          tar -xzf /tmp/p34.tar.gz -C .
          git add README.md Assets/_ColonyHaul/Scripts/Core/GameSim.cs Assets/_ColonyHaul/Scripts/Boot/VerticalSliceBootstrap.cs
          if git diff --cached --quiet; then
            echo "no slice changes"
          else
            git commit -m "Unity slice: WAVE CLOCK sits beside the Hub bar."
            git push
          fi
          git pull --rebase origin main
          rm -f .github/workflows/import-p34-clock.yml
          git add -A .github/workflows
          if git diff --cached --quiet; then
            echo "workflow already gone"
          else
            git commit -m "Drop Pass 34 import workflow."
            git push
          fi
